
Microsoft Visual Studio Solution File, Format Version 12.00
# Visual Studio Version 17
VisualStudioVersion = 17.8.34511.84
MinimumVisualStudioVersion = 10.0.40219.1
Project("{9A19103F-16F7-4668-BE54-9A1E7A4F7556}") = "UnitTesting", "UnitTesting.csproj", "{7F32467D-20A0-4D2C-8C17-51DD2FD3EC89}"
EndProject
Global
	GlobalSection(SolutionConfigurationPlatforms) = preSolution
		Debug|Any CPU = Debug|Any CPU
		Release|Any CPU = Release|Any CPU
	EndGlobalSection
	GlobalSection(ProjectConfigurationPlatforms) = postSolution
		{7F32467D-20A0-4D2C-8C17-51DD2FD3EC89}.Debug|Any CPU.ActiveCfg = Debug|Any CPU
		{7F32467D-20A0-4D2C-8C17-51DD2FD3EC89}.Debug|Any CPU.Build.0 = Debug|Any CPU
		{7F32467D-20A0-4D2C-8C17-51DD2FD3EC89}.Release|Any CPU.ActiveCfg = Release|Any CPU
		{7F32467D-20A0-4D2C-8C17-51DD2FD3EC89}.Release|Any CPU.Build.0 = Release|Any CPU
	EndGlobalSection
	GlobalSection(SolutionProperties) = preSolution
		HideSolutionNode = FALSE
	EndGlobalSection
	GlobalSection(ExtensibilityGlobals) = postSolution
		SolutionGuid = {A02A689C-EC6F-4E1F-8493-10E237A4E129}
	EndGlobalSection
EndGlobal
