
Microsoft Visual Studio Solution File, Format Version 12.00
# Visual Studio Version 17
VisualStudioVersion = 17.8.34525.116
MinimumVisualStudioVersion = 10.0.40219.1
Project("{FAE04EC0-301F-11D3-BF4B-00C04F79EFBC}") = "ItalianPizza", "ItalianPizza.csproj", "{43A8F056-037E-453A-A66E-EA658B69C1AF}"
EndProject
Project("{FAE04EC0-301F-11D3-BF4B-00C04F79EFBC}") = "ItalianPizzaTests", "..\ItalianPizzaTests\ItalianPizzaTests.csproj", "{81A5B2FC-B98C-4E35-A292-D0F8F5CBA048}"
EndProject
Global
	GlobalSection(SolutionConfigurationPlatforms) = preSolution
		Debug|Any CPU = Debug|Any CPU
		Release|Any CPU = Release|Any CPU
	EndGlobalSection
	GlobalSection(ProjectConfigurationPlatforms) = postSolution
		{43A8F056-037E-453A-A66E-EA658B69C1AF}.Debug|Any CPU.ActiveCfg = Debug|Any CPU
		{43A8F056-037E-453A-A66E-EA658B69C1AF}.Debug|Any CPU.Build.0 = Debug|Any CPU
		{43A8F056-037E-453A-A66E-EA658B69C1AF}.Release|Any CPU.ActiveCfg = Release|Any CPU
		{43A8F056-037E-453A-A66E-EA658B69C1AF}.Release|Any CPU.Build.0 = Release|Any CPU
		{81A5B2FC-B98C-4E35-A292-D0F8F5CBA048}.Debug|Any CPU.ActiveCfg = Debug|Any CPU
		{81A5B2FC-B98C-4E35-A292-D0F8F5CBA048}.Debug|Any CPU.Build.0 = Debug|Any CPU
		{81A5B2FC-B98C-4E35-A292-D0F8F5CBA048}.Release|Any CPU.ActiveCfg = Release|Any CPU
		{81A5B2FC-B98C-4E35-A292-D0F8F5CBA048}.Release|Any CPU.Build.0 = Release|Any CPU
	EndGlobalSection
	GlobalSection(SolutionProperties) = preSolution
		HideSolutionNode = FALSE
	EndGlobalSection
	GlobalSection(ExtensibilityGlobals) = postSolution
		SolutionGuid = {8FA00251-6C49-4369-8547-D739C53C8B73}
	EndGlobalSection
EndGlobal
